
Microsoft Visual Studio Solution File, Format Version 12.00
# Visual Studio 15
VisualStudioVersion = 15.0.28307.329
MinimumVisualStudioVersion = 10.0.40219.1
Project("{9A19103F-16F7-4668-BE54-9A1E7A4F7556}") = "ApplicationScreening.Web", "src\ApplicationScreening.Web\ApplicationScreening.Web.csproj", "{42A48058-18F6-411D-9828-F99238C1592D}"
EndProject
Project("{9A19103F-16F7-4668-BE54-9A1E7A4F7556}") = "ApplicationScreening.Api", "src\ApplicationScreening.Api\ApplicationScreening.Api.csproj", "{7485E3DA-DFE2-4FCF-A45A-E5829CCE87BA}"
EndProject
Project("{FAE04EC0-301F-11D3-BF4B-00C04F79EFBC}") = "ApplicationScreening.Domain", "src\ApplicationScreening.Domain\ApplicationScreening.Domain.csproj", "{48C2F378-1C7C-4640-A17B-3D429AED2B76}"
EndProject
Project("{FAE04EC0-301F-11D3-BF4B-00C04F79EFBC}") = "ApplicationScreening.Infrastructure", "src\ApplicationScreening.Infrastructure\ApplicationScreening.Infrastructure.csproj", "{932CF3B7-0849-48CE-83BA-4FD0E7EFDD89}"
EndProject
Global
	GlobalSection(SolutionConfigurationPlatforms) = preSolution
		Debug|Any CPU = Debug|Any CPU
		Release|Any CPU = Release|Any CPU
	EndGlobalSection
	GlobalSection(ProjectConfigurationPlatforms) = postSolution
		{42A48058-18F6-411D-9828-F99238C1592D}.Debug|Any CPU.ActiveCfg = Debug|Any CPU
		{42A48058-18F6-411D-9828-F99238C1592D}.Debug|Any CPU.Build.0 = Debug|Any CPU
		{42A48058-18F6-411D-9828-F99238C1592D}.Release|Any CPU.ActiveCfg = Release|Any CPU
		{42A48058-18F6-411D-9828-F99238C1592D}.Release|Any CPU.Build.0 = Release|Any CPU
		{7485E3DA-DFE2-4FCF-A45A-E5829CCE87BA}.Debug|Any CPU.ActiveCfg = Debug|Any CPU
		{7485E3DA-DFE2-4FCF-A45A-E5829CCE87BA}.Debug|Any CPU.Build.0 = Debug|Any CPU
		{7485E3DA-DFE2-4FCF-A45A-E5829CCE87BA}.Release|Any CPU.ActiveCfg = Release|Any CPU
		{7485E3DA-DFE2-4FCF-A45A-E5829CCE87BA}.Release|Any CPU.Build.0 = Release|Any CPU
		{48C2F378-1C7C-4640-A17B-3D429AED2B76}.Debug|Any CPU.ActiveCfg = Debug|Any CPU
		{48C2F378-1C7C-4640-A17B-3D429AED2B76}.Debug|Any CPU.Build.0 = Debug|Any CPU
		{48C2F378-1C7C-4640-A17B-3D429AED2B76}.Release|Any CPU.ActiveCfg = Release|Any CPU
		{48C2F378-1C7C-4640-A17B-3D429AED2B76}.Release|Any CPU.Build.0 = Release|Any CPU
		{932CF3B7-0849-48CE-83BA-4FD0E7EFDD89}.Debug|Any CPU.ActiveCfg = Debug|Any CPU
		{932CF3B7-0849-48CE-83BA-4FD0E7EFDD89}.Debug|Any CPU.Build.0 = Debug|Any CPU
		{932CF3B7-0849-48CE-83BA-4FD0E7EFDD89}.Release|Any CPU.ActiveCfg = Release|Any CPU
		{932CF3B7-0849-48CE-83BA-4FD0E7EFDD89}.Release|Any CPU.Build.0 = Release|Any CPU
	EndGlobalSection
	GlobalSection(SolutionProperties) = preSolution
		HideSolutionNode = FALSE
	EndGlobalSection
	GlobalSection(ExtensibilityGlobals) = postSolution
		SolutionGuid = {E6B0D785-5283-4A51-95D2-E2F07A47176A}
	EndGlobalSection
	GlobalSection(NestedProjects) = preSolution
		{48C2F378-1C7C-4640-A17B-3D429AED2B76} = {F675467E-4022-4B6F-BB0A-C8AB6ABB2458}
		{932CF3B7-0849-48CE-83BA-4FD0E7EFDD89} = {137714A1-781A-4899-B3B8-B9BD37609860}
	EndGlobalSection
EndGlobal
